# This file is automatically @generated by Cargo.
# It is not intended for manual editing.
version = 3

[[package]]
name = "arbitrary"
version = "1.1.0"
source = "registry+https://github.com/rust-lang/crates.io-index"
checksum = "c38b6b6b79f671c25e1a3e785b7b82d7562ffc9cd3efdc98627e5668a2472490"
dependencies = [
 "derive_arbitrary",
]

[[package]]
name = "cc"
version = "1.0.73"
source = "registry+https://github.com/rust-lang/crates.io-index"
checksum = "2fff2a6927b3bb87f9595d67196a70493f627687a71d87a0d692242c33f58c11"

[[package]]
name = "cfg-if"
version = "1.0.0"
source = "registry+https://github.com/rust-lang/crates.io-index"
checksum = "baf1de4339761588bc0619e3cbc0120ee582ebb74b53b4efbf79117bd2da40fd"

[[package]]
name = "derive_arbitrary"
version = "1.1.0"
source = "registry+https://github.com/rust-lang/crates.io-index"
checksum = "98e23c06c035dac87bd802d98f368df73a7f2cb05a66ffbd1f377e821fac4af9"
dependencies = [
 "proc-macro2",
 "quote",
 "syn",
]

[[package]]
name = "dns-types"
version = "0.1.0"
dependencies = [
 "arbitrary",
 "fake",
]

[[package]]
name = "fake"
version = "2.4.3"
source = "registry+https://github.com/rust-lang/crates.io-index"
checksum = "21a8531dd3a64fd1cfbe92fad4160bc2060489c6195fe847e045e5788f710bae"
dependencies = [
 "rand",
]

[[package]]
name = "getrandom"
version = "0.2.5"
source = "registry+https://github.com/rust-lang/crates.io-index"
checksum = "d39cd93900197114fa1fcb7ae84ca742095eed9442088988ae74fa744e930e77"
dependencies = [
 "cfg-if",
 "libc",
 "wasi",
]

[[package]]
name = "libc"
version = "0.2.120"
source = "registry+https://github.com/rust-lang/crates.io-index"
checksum = "ad5c14e80759d0939d013e6ca49930e59fc53dd8e5009132f76240c179380c09"

[[package]]
name = "libfuzzer-sys"
version = "0.4.3"
source = "registry+https://github.com/rust-lang/crates.io-index"
checksum = "336244aaeab6a12df46480dc585802aa743a72d66b11937844c61bbca84c991d"
dependencies = [
 "arbitrary",
 "cc",
 "once_cell",
]

[[package]]
name = "once_cell"
version = "1.9.0"
source = "registry+https://github.com/rust-lang/crates.io-index"
checksum = "da32515d9f6e6e489d7bc9d84c71b060db7247dc035bbe44eac88cf87486d8d5"

[[package]]
name = "ppv-lite86"
version = "0.2.16"
source = "registry+https://github.com/rust-lang/crates.io-index"
checksum = "eb9f9e6e233e5c4a35559a617bf40a4ec447db2e84c20b55a6f83167b7e57872"

[[package]]
name = "proc-macro2"
version = "1.0.36"
source = "registry+https://github.com/rust-lang/crates.io-index"
checksum = "c7342d5883fbccae1cc37a2353b09c87c9b0f3afd73f5fb9bba687a1f733b029"
dependencies = [
 "unicode-xid",
]

[[package]]
name = "quote"
version = "1.0.15"
source = "registry+https://github.com/rust-lang/crates.io-index"
checksum = "864d3e96a899863136fc6e99f3d7cae289dafe43bf2c5ac19b70df7210c0a145"
dependencies = [
 "proc-macro2",
]

[[package]]
name = "rand"
version = "0.8.5"
source = "registry+https://github.com/rust-lang/crates.io-index"
checksum = "34af8d1a0e25924bc5b7c43c079c942339d8f0a8b57c39049bef581b46327404"
dependencies = [
 "libc",
 "rand_chacha",
 "rand_core",
]

[[package]]
name = "rand_chacha"
version = "0.3.1"
source = "registry+https://github.com/rust-lang/crates.io-index"
checksum = "e6c10a63a0fa32252be49d21e7709d4d4baf8d231c2dbce1eaa8141b9b127d88"
dependencies = [
 "ppv-lite86",
 "rand_core",
]

[[package]]
name = "rand_core"
version = "0.6.3"
source = "registry+https://github.com/rust-lang/crates.io-index"
checksum = "d34f1408f55294453790c48b2f1ebbb1c5b4b7563eb1f418bcfcfdbb06ebb4e7"
dependencies = [
 "getrandom",
]

[[package]]
name = "resolved-fuzz"
version = "0.0.0"
dependencies = [
 "dns-types",
 "libfuzzer-sys",
]

[[package]]
name = "syn"
version = "1.0.86"
source = "registry+https://github.com/rust-lang/crates.io-index"
checksum = "8a65b3f4ffa0092e9887669db0eae07941f023991ab58ea44da8fe8e2d511c6b"
dependencies = [
 "proc-macro2",
 "quote",
 "unicode-xid",
]

[[package]]
name = "unicode-xid"
version = "0.2.2"
source = "registry+https://github.com/rust-lang/crates.io-index"
checksum = "8ccb82d61f80a663efe1f787a51b16b5a51e3314d6ac365b08639f52387b33f3"

[[package]]
name = "wasi"
version = "0.10.2+wasi-snapshot-preview1"
source = "registry+https://github.com/rust-lang/crates.io-index"
checksum = "fd6fbd9a79829dd1ad0cc20627bf1ed606756a7f77edff7b66b7064f9cb327c6"
